// !$*UTF8*$!
{
	archiveVersion = 1;
	classes = {
	};
	objectVersion = 46;
	objects = {

/* Begin PBXBuildFile section */
		31C88A651F33C59F00C08C24 /* AppDelegate.swift in Sources */ = {isa = PBXBuildFile; fileRef = 31C88A641F33C59F00C08C24 /* AppDelegate.swift */; };
		31C88A671F33C59F00C08C24 /* ViewController.swift in Sources */ = {isa = PBXBuildFile; fileRef = 31C88A661F33C59F00C08C24 /* ViewController.swift */; };
		31C88A6A1F33C59F00C08C24 /* Main.storyboard in Resources */ = {isa = PBXBuildFile; fileRef = 31C88A681F33C59F00C08C24 /* Main.storyboard */; };
		31C88A6C1F33C59F00C08C24 /* Assets.xcassets in Resources */ = {isa = PBXBuildFile; fileRef = 31C88A6B1F33C59F00C08C24 /* Assets.xcassets */; };
		31C88A6F1F33C59F00C08C24 /* LaunchScreen.storyboard in Resources */ = {isa = PBXBuildFile; fileRef = 31C88A6D1F33C59F00C08C24 /* LaunchScreen.storyboard */; };
		31C88A7A1F33C59F00C08C24 /* UIPageViewCustomClassTests.swift in Sources */ = {isa = PBXBuildFile; fileRef = 31C88A791F33C59F00C08C24 /* UIPageViewCustomClassTests.swift */; };
		31C88A851F33C59F00C08C24 /* UIPageViewCustomClassUITests.swift in Sources */ = {isa = PBXBuildFile; fileRef = 31C88A841F33C59F00C08C24 /* UIPageViewCustomClassUITests.swift */; };
/* End PBXBuildFile section */

/* Begin PBXContainerItemProxy section */
		31C88A761F33C59F00C08C24 /* PBXContainerItemProxy */ = {
			isa = PBXContainerItemProxy;
			containerPortal = 31C88A591F33C59F00C08C24 /* Project object */;
			proxyType = 1;
			remoteGlobalIDString = 31C88A601F33C59F00C08C24;
			remoteInfo = UIPageViewCustomClass;
		};
		31C88A811F33C59F00C08C24 /* PBXContainerItemProxy */ = {
			isa = PBXContainerItemProxy;
			containerPortal = 31C88A591F33C59F00C08C24 /* Project object */;
			proxyType = 1;
			remoteGlobalIDString = 31C88A601F33C59F00C08C24;
			remoteInfo = UIPageViewCustomClass;
		};
/* End PBXContainerItemProxy section */

/* Begin PBXFileReference section */
		31C88A611F33C59F00C08C24 /* UIPageViewCustomClass.app */ = {isa = PBXFileReference; explicitFileType = wrapper.application; includeInIndex = 0; path = UIPageViewCustomClass.app; sourceTree = BUILT_PRODUCTS_DIR; };
		31C88A641F33C59F00C08C24 /* AppDelegate.swift */ = {isa = PBXFileReference; lastKnownFileType = sourcecode.swift; path = AppDelegate.swift; sourceTree = "<group>"; };
		31C88A661F33C59F00C08C24 /* ViewController.swift */ = {isa = PBXFileReference; lastKnownFileType = sourcecode.swift; path = ViewController.swift; sourceTree = "<group>"; };
		31C88A691F33C59F00C08C24 /* Base */ = {isa = PBXFileReference; lastKnownFileType = file.storyboard; name = Base; path = Base.lproj/Main.storyboard; sourceTree = "<group>"; };
		31C88A6B1F33C59F00C08C24 /* Assets.xcassets */ = {isa = PBXFileReference; lastKnownFileType = folder.assetcatalog; path = Assets.xcassets; sourceTree = "<group>"; };
		31C88A6E1F33C59F00C08C24 /* Base */ = {isa = PBXFileReference; lastKnownFileType = file.storyboard; name = Base; path = Base.lproj/LaunchScreen.storyboard; sourceTree = "<group>"; };
		31C88A701F33C59F00C08C24 /* Info.plist */ = {isa = PBXFileReference; lastKnownFileType = text.plist.xml; path = Info.plist; sourceTree = "<group>"; };
		31C88A751F33C59F00C08C24 /* UIPageViewCustomClassTests.xctest */ = {isa = PBXFileReference; explicitFileType = wrapper.cfbundle; includeInIndex = 0; path = UIPageViewCustomClassTests.xctest; sourceTree = BUILT_PRODUCTS_DIR; };
		31C88A791F33C59F00C08C24 /* UIPageViewCustomClassTests.swift */ = {isa = PBXFileReference; lastKnownFileType = sourcecode.swift; path = UIPageViewCustomClassTests.swift; sourceTree = "<group>"; };
		31C88A7B1F33C59F00C08C24 /* Info.plist */ = {isa = PBXFileReference; lastKnownFileType = text.plist.xml; path = Info.plist; sourceTree = "<group>"; };
		31C88A801F33C59F00C08C24 /* UIPageViewCustomClassUITests.xctest */ = {isa = PBXFileReference; explicitFileType = wrapper.cfbundle; includeInIndex = 0; path = UIPageViewCustomClassUITests.xctest; sourceTree = BUILT_PRODUCTS_DIR; };
		31C88A841F33C59F00C08C24 /* UIPageViewCustomClassUITests.swift */ = {isa = PBXFileReference; lastKnownFileType = sourcecode.swift; path = UIPageViewCustomClassUITests.swift; sourceTree = "<group>"; };
		31C88A861F33C59F00C08C24 /* Info.plist */ = {isa = PBXFileReference; lastKnownFileType = text.plist.xml; path = Info.plist; sourceTree = "<group>"; };
/* End PBXFileReference section */

/* Begin PBXFrameworksBuildPhase section */
		31C88A5E1F33C59F00C08C24 /* Frameworks */ = {
			isa = PBXFrameworksBuildPhase;
			buildActionMask = 2147483647;
			files = (
			);
			runOnlyForDeploymentPostprocessing = 0;
		};
		31C88A721F33C59F00C08C24 /* Frameworks */ = {
			isa = PBXFrameworksBuildPhase;
			buildActionMask = 2147483647;
			files = (
			);
			runOnlyForDeploymentPostprocessing = 0;
		};
		31C88A7D1F33C59F00C08C24 /* Frameworks */ = {
			isa = PBXFrameworksBuildPhase;
			buildActionMask = 2147483647;
			files = (
			);
			runOnlyForDeploymentPostprocessing = 0;
		};
/* End PBXFrameworksBuildPhase section */

/* Begin PBXGroup section */
		31C88A581F33C59F00C08C24 = {
			isa = PBXGroup;
			children = (
				31C88A631F33C59F00C08C24 /* UIPageViewCustomClass */,
				31C88A781F33C59F00C08C24 /* UIPageViewCustomClassTests */,
				31C88A831F33C59F00C08C24 /* UIPageViewCustomClassUITests */,
				31C88A621F33C59F00C08C24 /* Products */,
			);
			sourceTree = "<group>";
		};
		31C88A621F33C59F00C08C24 /* Products */ = {
			isa = PBXGroup;
			children = (
				31C88A611F33C59F00C08C24 /* UIPageViewCustomClass.app */,
				31C88A751F33C59F00C08C24 /* UIPageViewCustomClassTests.xctest */,
				31C88A801F33C59F00C08C24 /* UIPageViewCustomClassUITests.xctest */,
			);
			name = Products;
			sourceTree = "<group>";
		};
		31C88A631F33C59F00C08C24 /* UIPageViewCustomClass */ = {
			isa = PBXGroup;
			children = (
				31C88A641F33C59F00C08C24 /* AppDelegate.swift */,
				31C88A661F33C59F00C08C24 /* ViewController.swift */,
				31C88A681F33C59F00C08C24 /* Main.storyboard */,
				31C88A6B1F33C59F00C08C24 /* Assets.xcassets */,
				31C88A6D1F33C59F00C08C24 /* LaunchScreen.storyboard */,
				31C88A701F33C59F00C08C24 /* Info.plist */,
			);
			path = UIPageViewCustomClass;
			sourceTree = "<group>";
		};
		31C88A781F33C59F00C08C24 /* UIPageViewCustomClassTests */ = {
			isa = PBXGroup;
			children = (
				31C88A791F33C59F00C08C24 /* UIPageViewCustomClassTests.swift */,
				31C88A7B1F33C59F00C08C24 /* Info.plist */,
			);
			path = UIPageViewCustomClassTests;
			sourceTree = "<group>";
		};
		31C88A831F33C59F00C08C24 /* UIPageViewCustomClassUITests */ = {
			isa = PBXGroup;
			children = (
				31C88A841F33C59F00C08C24 /* UIPageViewCustomClassUITests.swift */,
				31C88A861F33C59F00C08C24 /* Info.plist */,
			);
			path = UIPageViewCustomClassUITests;
			sourceTree = "<group>";
		};
/* End PBXGroup section */

/* Begin PBXNativeTarget section */
		31C88A601F33C59F00C08C24 /* UIPageViewCustomClass */ = {
			isa = PBXNativeTarget;
			buildConfigurationList = 31C88A891F33C59F00C08C24 /* Build configuration list for PBXNativeTarget "UIPageViewCustomClass" */;
			buildPhases = (
				31C88A5D1F33C59F00C08C24 /* Sources */,
				31C88A5E1F33C59F00C08C24 /* Frameworks */,
				31C88A5F1F33C59F00C08C24 /* Resources */,
			);
			buildRules = (
			);
			dependencies = (
			);
			name = UIPageViewCustomClass;
			productName = UIPageViewCustomClass;
			productReference = 31C88A611F33C59F00C08C24 /* UIPageViewCustomClass.app */;
			productType = "com.apple.product-type.application";
		};
		31C88A741F33C59F00C08C24 /* UIPageViewCustomClassTests */ = {
			isa = PBXNativeTarget;
			buildConfigurationList = 31C88A8C1F33C59F00C08C24 /* Build configuration list for PBXNativeTarget "UIPageViewCustomClassTests" */;
			buildPhases = (
				31C88A711F33C59F00C08C24 /* Sources */,
				31C88A721F33C59F00C08C24 /* Frameworks */,
				31C88A731F33C59F00C08C24 /* Resources */,
			);
			buildRules = (
			);
			dependencies = (
				31C88A771F33C59F00C08C24 /* PBXTargetDependency */,
			);
			name = UIPageViewCustomClassTests;
			productName = UIPageViewCustomClassTests;
			productReference = 31C88A751F33C59F00C08C24 /* UIPageViewCustomClassTests.xctest */;
			productType = "com.apple.product-type.bundle.unit-test";
		};
		31C88A7F1F33C59F00C08C24 /* UIPageViewCustomClassUITests */ = {
			isa = PBXNativeTarget;
			buildConfigurationList = 31C88A8F1F33C59F00C08C24 /* Build configuration list for PBXNativeTarget "UIPageViewCustomClassUITests" */;
			buildPhases = (
				31C88A7C1F33C59F00C08C24 /* Sources */,
				31C88A7D1F33C59F00C08C24 /* Frameworks */,
				31C88A7E1F33C59F00C08C24 /* Resources */,
			);
			buildRules = (
			);
			dependencies = (
				31C88A821F33C59F00C08C24 /* PBXTargetDependency */,
			);
			name = UIPageViewCustomClassUITests;
			productName = UIPageViewCustomClassUITests;
			productReference = 31C88A801F33C59F00C08C24 /* UIPageViewCustomClassUITests.xctest */;
			productType = "com.apple.product-type.bundle.ui-testing";
		};
/* End PBXNativeTarget section */

/* Begin PBXProject section */
		31C88A591F33C59F00C08C24 /* Project object */ = {
			isa = PBXProject;
			attributes = {
				LastSwiftUpdateCheck = 0830;
				LastUpgradeCheck = 0830;
				ORGANIZATIONNAME = "Adrian Viquez";
				TargetAttributes = {
					31C88A601F33C59F00C08C24 = {
						CreatedOnToolsVersion = 8.3.3;
						ProvisioningStyle = Automatic;
					};
					31C88A741F33C59F00C08C24 = {
						CreatedOnToolsVersion = 8.3.3;
						ProvisioningStyle = Automatic;
						TestTargetID = 31C88A601F33C59F00C08C24;
					};
					31C88A7F1F33C59F00C08C24 = {
						CreatedOnToolsVersion = 8.3.3;
						ProvisioningStyle = Automatic;
						TestTargetID = 31C88A601F33C59F00C08C24;
					};
				};
			};
			buildConfigurationList = 31C88A5C1F33C59F00C08C24 /* Build configuration list for PBXProject "UIPageViewCustomClass" */;
			compatibilityVersion = "Xcode 3.2";
			developmentRegion = English;
			hasScannedForEncodings = 0;
			knownRegions = (
				en,
				Base,
			);
			mainGroup = 31C88A581F33C59F00C08C24;
			productRefGroup = 31C88A621F33C59F00C08C24 /* Products */;
			projectDirPath = "";
			projectRoot = "";
			targets = (
				31C88A601F33C59F00C08C24 /* UIPageViewCustomClass */,
				31C88A741F33C59F00C08C24 /* UIPageViewCustomClassTests */,
				31C88A7F1F33C59F00C08C24 /* UIPageViewCustomClassUITests */,
			);
		};
/* End PBXProject section */

/* Begin PBXResourcesBuildPhase section */
		31C88A5F1F33C59F00C08C24 /* Resources */ = {
			isa = PBXResourcesBuildPhase;
			buildActionMask = 2147483647;
			files = (
				31C88A6F1F33C59F00C08C24 /* LaunchScreen.storyboard in Resources */,
				31C88A6C1F33C59F00C08C24 /* Assets.xcassets in Resources */,
				31C88A6A1F33C59F00C08C24 /* Main.storyboard in Resources */,
			);
			runOnlyForDeploymentPostprocessing = 0;
		};
		31C88A731F33C59F00C08C24 /* Resources */ = {
			isa = PBXResourcesBuildPhase;
			buildActionMask = 2147483647;
			files = (
			);
			runOnlyForDeploymentPostprocessing = 0;
		};
		31C88A7E1F33C59F00C08C24 /* Resources */ = {
			isa = PBXResourcesBuildPhase;
			buildActionMask = 2147483647;
			files = (
			);
			runOnlyForDeploymentPostprocessing = 0;
		};
/* End PBXResourcesBuildPhase section */

/* Begin PBXSourcesBuildPhase section */
		31C88A5D1F33C59F00C08C24 /* Sources */ = {
			isa = PBXSourcesBuildPhase;
			buildActionMask = 2147483647;
			files = (
				31C88A671F33C59F00C08C24 /* ViewController.swift in Sources */,
				31C88A651F33C59F00C08C24 /* AppDelegate.swift in Sources */,
			);
			runOnlyForDeploymentPostprocessing = 0;
		};
		31C88A711F33C59F00C08C24 /* Sources */ = {
			isa = PBXSourcesBuildPhase;
			buildActionMask = 2147483647;
			files = (
				31C88A7A1F33C59F00C08C24 /* UIPageViewCustomClassTests.swift in Sources */,
			);
			runOnlyForDeploymentPostprocessing = 0;
		};
		31C88A7C1F33C59F00C08C24 /* Sources */ = {
			isa = PBXSourcesBuildPhase;
			buildActionMask = 2147483647;
			files = (
				31C88A851F33C59F00C08C24 /* UIPageViewCustomClassUITests.swift in Sources */,
			);
			runOnlyForDeploymentPostprocessing = 0;
		};
/* End PBXSourcesBuildPhase section */

/* Begin PBXTargetDependency section */
		31C88A771F33C59F00C08C24 /* PBXTargetDependency */ = {
			isa = PBXTargetDependency;
			target = 31C88A601F33C59F00C08C24 /* UIPageViewCustomClass */;
			targetProxy = 31C88A761F33C59F00C08C24 /* PBXContainerItemProxy */;
		};
		31C88A821F33C59F00C08C24 /* PBXTargetDependency */ = {
			isa = PBXTargetDependency;
			target = 31C88A601F33C59F00C08C24 /* UIPageViewCustomClass */;
			targetProxy = 31C88A811F33C59F00C08C24 /* PBXContainerItemProxy */;
		};
/* End PBXTargetDependency section */

/* Begin PBXVariantGroup section */
		31C88A681F33C59F00C08C24 /* Main.storyboard */ = {
			isa = PBXVariantGroup;
			children = (
				31C88A691F33C59F00C08C24 /* Base */,
			);
			name = Main.storyboard;
			sourceTree = "<group>";
		};
		31C88A6D1F33C59F00C08C24 /* LaunchScreen.storyboard */ = {
			isa = PBXVariantGroup;
			children = (
				31C88A6E1F33C59F00C08C24 /* Base */,
			);
			name = LaunchScreen.storyboard;
			sourceTree = "<group>";
		};
/* End PBXVariantGroup section */

/* Begin XCBuildConfiguration section */
		31C88A871F33C59F00C08C24 /* Debug */ = {
			isa = XCBuildConfiguration;
			buildSettings = {
				ALWAYS_SEARCH_USER_PATHS = NO;
				CLANG_ANALYZER_NONNULL = YES;
				CLANG_ANALYZER_NUMBER_OBJECT_CONVERSION = YES_AGGRESSIVE;
				CLANG_CXX_LANGUAGE_STANDARD = "gnu++0x";
				CLANG_CXX_LIBRARY = "libc++";
				CLANG_ENABLE_MODULES = YES;
				CLANG_ENABLE_OBJC_ARC = YES;
				CLANG_WARN_BOOL_CONVERSION = YES;
				CLANG_WARN_CONSTANT_CONVERSION = YES;
				CLANG_WARN_DIRECT_OBJC_ISA_USAGE = YES_ERROR;
				CLANG_WARN_DOCUMENTATION_COMMENTS = YES;
				CLANG_WARN_EMPTY_BODY = YES;
				CLANG_WARN_ENUM_CONVERSION = YES;
				CLANG_WARN_INFINITE_RECURSION = YES;
				CLANG_WARN_INT_CONVERSION = YES;
				CLANG_WARN_OBJC_ROOT_CLASS = YES_ERROR;
				CLANG_WARN_SUSPICIOUS_MOVE = YES;
				CLANG_WARN_UNREACHABLE_CODE = YES;
				CLANG_WARN__DUPLICATE_METHOD_MATCH = YES;
				"CODE_SIGN_IDENTITY[sdk=iphoneos*]" = "iPhone Developer";
				COPY_PHASE_STRIP = NO;
				DEBUG_INFORMATION_FORMAT = dwarf;
				ENABLE_STRICT_OBJC_MSGSEND = YES;
				ENABLE_TESTABILITY = YES;
				GCC_C_LANGUAGE_STANDARD = gnu99;
				GCC_DYNAMIC_NO_PIC = NO;
				GCC_NO_COMMON_BLOCKS = YES;
				GCC_OPTIMIZATION_LEVEL = 0;
				GCC_PREPROCESSOR_DEFINITIONS = (
					"DEBUG=1",
					"$(inherited)",
				);
				GCC_WARN_64_TO_32_BIT_CONVERSION = YES;
				GCC_WARN_ABOUT_RETURN_TYPE = YES_ERROR;
				GCC_WARN_UNDECLARED_SELECTOR = YES;
				GCC_WARN_UNINITIALIZED_AUTOS = YES_AGGRESSIVE;
				GCC_WARN_UNUSED_FUNCTION = YES;
				GCC_WARN_UNUSED_VARIABLE = YES;
				IPHONEOS_DEPLOYMENT_TARGET = 10.3;
				MTL_ENABLE_DEBUG_INFO = YES;
				ONLY_ACTIVE_ARCH = YES;
				SDKROOT = iphoneos;
				SWIFT_ACTIVE_COMPILATION_CONDITIONS = DEBUG;
				SWIFT_OPTIMIZATION_LEVEL = "-Onone";
				TARGETED_DEVICE_FAMILY = "1,2";
			};
			name = Debug;
		};
		31C88A881F33C59F00C08C24 /* Release */ = {
			isa = XCBuildConfiguration;
			buildSettings = {
				ALWAYS_SEARCH_USER_PATHS = NO;
				CLANG_ANALYZER_NONNULL = YES;
				CLANG_ANALYZER_NUMBER_OBJECT_CONVERSION = YES_AGGRESSIVE;
				CLANG_CXX_LANGUAGE_STANDARD = "gnu++0x";
				CLANG_CXX_LIBRARY = "libc++";
				CLANG_ENABLE_MODULES = YES;
				CLANG_ENABLE_OBJC_ARC = YES;
				CLANG_WARN_BOOL_CONVERSION = YES;
				CLANG_WARN_CONSTANT_CONVERSION = YES;
				CLANG_WARN_DIRECT_OBJC_ISA_USAGE = YES_ERROR;
				CLANG_WARN_DOCUMENTATION_COMMENTS = YES;
				CLANG_WARN_EMPTY_BODY = YES;
				CLANG_WARN_ENUM_CONVERSION = YES;
				CLANG_WARN_INFINITE_RECURSION = YES;
				CLANG_WARN_INT_CONVERSION = YES;
				CLANG_WARN_OBJC_ROOT_CLASS = YES_ERROR;
				CLANG_WARN_SUSPICIOUS_MOVE = YES;
				CLANG_WARN_UNREACHABLE_CODE = YES;
				CLANG_WARN__DUPLICATE_METHOD_MATCH = YES;
				"CODE_SIGN_IDENTITY[sdk=iphoneos*]" = "iPhone Developer";
				COPY_PHASE_STRIP = NO;
				DEBUG_INFORMATION_FORMAT = "dwarf-with-dsym";
				ENABLE_NS_ASSERTIONS = NO;
				ENABLE_STRICT_OBJC_MSGSEND = YES;
				GCC_C_LANGUAGE_STANDARD = gnu99;
				GCC_NO_COMMON_BLOCKS = YES;
				GCC_WARN_64_TO_32_BIT_CONVERSION = YES;
				GCC_WARN_ABOUT_RETURN_TYPE = YES_ERROR;
				GCC_WARN_UNDECLARED_SELECTOR = YES;
				GCC_WARN_UNINITIALIZED_AUTOS = YES_AGGRESSIVE;
				GCC_WARN_UNUSED_FUNCTION = YES;
				GCC_WARN_UNUSED_VARIABLE = YES;
				IPHONEOS_DEPLOYMENT_TARGET = 10.3;
				MTL_ENABLE_DEBUG_INFO = NO;
				SDKROOT = iphoneos;
				SWIFT_OPTIMIZATION_LEVEL = "-Owholemodule";
				TARGETED_DEVICE_FAMILY = "1,2";
				VALIDATE_PRODUCT = YES;
			};
			name = Release;
		};
		31C88A8A1F33C59F00C08C24 /* Debug */ = {
			isa = XCBuildConfiguration;
			buildSettings = {
				ASSETCATALOG_COMPILER_APPICON_NAME = AppIcon;
				INFOPLIST_FILE = UIPageViewCustomClass/Info.plist;
				LD_RUNPATH_SEARCH_PATHS = "$(inherited) @executable_path/Frameworks";
				PRODUCT_BUNDLE_IDENTIFIER = com.letsbuildthisapp.UIPageViewCustomClass;
				PRODUCT_NAME = "$(TARGET_NAME)";
				SWIFT_VERSION = 3.0;
			};
			name = Debug;
		};
		31C88A8B1F33C59F00C08C24 /* Release */ = {
			isa = XCBuildConfiguration;
			buildSettings = {
				ASSETCATALOG_COMPILER_APPICON_NAME = AppIcon;
				INFOPLIST_FILE = UIPageViewCustomClass/Info.plist;
				LD_RUNPATH_SEARCH_PATHS = "$(inherited) @executable_path/Frameworks";
				PRODUCT_BUNDLE_IDENTIFIER = com.letsbuildthisapp.UIPageViewCustomClass;
				PRODUCT_NAME = "$(TARGET_NAME)";
				SWIFT_VERSION = 3.0;
			};
			name = Release;
		};
		31C88A8D1F33C59F00C08C24 /* Debug */ = {
			isa = XCBuildConfiguration;
			buildSettings = {
				ALWAYS_EMBED_SWIFT_STANDARD_LIBRARIES = YES;
				BUNDLE_LOADER = "$(TEST_HOST)";
				INFOPLIST_FILE = UIPageViewCustomClassTests/Info.plist;
				LD_RUNPATH_SEARCH_PATHS = "$(inherited) @executable_path/Frameworks @loader_path/Frameworks";
				PRODUCT_BUNDLE_IDENTIFIER = com.letsbuildthisapp.UIPageViewCustomClassTests;
				PRODUCT_NAME = "$(TARGET_NAME)";
				SWIFT_VERSION = 3.0;
				TEST_HOST = "$(BUILT_PRODUCTS_DIR)/UIPageViewCustomClass.app/UIPageViewCustomClass";
			};
			name = Debug;
		};
		31C88A8E1F33C59F00C08C24 /* Release */ = {
			isa = XCBuildConfiguration;
			buildSettings = {
				ALWAYS_EMBED_SWIFT_STANDARD_LIBRARIES = YES;
				BUNDLE_LOADER = "$(TEST_HOST)";
				INFOPLIST_FILE = UIPageViewCustomClassTests/Info.plist;
				LD_RUNPATH_SEARCH_PATHS = "$(inherited) @executable_path/Frameworks @loader_path/Frameworks";
				PRODUCT_BUNDLE_IDENTIFIER = com.letsbuildthisapp.UIPageViewCustomClassTests;
				PRODUCT_NAME = "$(TARGET_NAME)";
				SWIFT_VERSION = 3.0;
				TEST_HOST = "$(BUILT_PRODUCTS_DIR)/UIPageViewCustomClass.app/UIPageViewCustomClass";
			};
			name = Release;
		};
		31C88A901F33C59F00C08C24 /* Debug */ = {
			isa = XCBuildConfiguration;
			buildSettings = {
				ALWAYS_EMBED_SWIFT_STANDARD_LIBRARIES = YES;
				INFOPLIST_FILE = UIPageViewCustomClassUITests/Info.plist;
				LD_RUNPATH_SEARCH_PATHS = "$(inherited) @executable_path/Frameworks @loader_path/Frameworks";
				PRODUCT_BUNDLE_IDENTIFIER = com.letsbuildthisapp.UIPageViewCustomClassUITests;
				PRODUCT_NAME = "$(TARGET_NAME)";
				SWIFT_VERSION = 3.0;
				TEST_TARGET_NAME = UIPageViewCustomClass;
			};
			name = Debug;
		};
		31C88A911F33C59F00C08C24 /* Release */ = {
			isa = XCBuildConfiguration;
			buildSettings = {
				ALWAYS_EMBED_SWIFT_STANDARD_LIBRARIES = YES;
				INFOPLIST_FILE = UIPageViewCustomClassUITests/Info.plist;
				LD_RUNPATH_SEARCH_PATHS = "$(inherited) @executable_path/Frameworks @loader_path/Frameworks";
				PRODUCT_BUNDLE_IDENTIFIER = com.letsbuildthisapp.UIPageViewCustomClassUITests;
				PRODUCT_NAME = "$(TARGET_NAME)";
				SWIFT_VERSION = 3.0;
				TEST_TARGET_NAME = UIPageViewCustomClass;
			};
			name = Release;
		};
/* End XCBuildConfiguration section */

/* Begin XCConfigurationList section */
		31C88A5C1F33C59F00C08C24 /* Build configuration list for PBXProject "UIPageViewCustomClass" */ = {
			isa = XCConfigurationList;
			buildConfigurations = (
				31C88A871F33C59F00C08C24 /* Debug */,
				31C88A881F33C59F00C08C24 /* Release */,
			);
			defaultConfigurationIsVisible = 0;
			defaultConfigurationName = Release;
		};
		31C88A891F33C59F00C08C24 /* Build configuration list for PBXNativeTarget "UIPageViewCustomClass" */ = {
			isa = XCConfigurationList;
			buildConfigurations = (
				31C88A8A1F33C59F00C08C24 /* Debug */,
				31C88A8B1F33C59F00C08C24 /* Release */,
			);
			defaultConfigurationIsVisible = 0;
		};
		31C88A8C1F33C59F00C08C24 /* Build configuration list for PBXNativeTarget "UIPageViewCustomClassTests" */ = {
			isa = XCConfigurationList;
			buildConfigurations = (
				31C88A8D1F33C59F00C08C24 /* Debug */,
				31C88A8E1F33C59F00C08C24 /* Release */,
			);
			defaultConfigurationIsVisible = 0;
		};
		31C88A8F1F33C59F00C08C24 /* Build configuration list for PBXNativeTarget "UIPageViewCustomClassUITests" */ = {
			isa = XCConfigurationList;
			buildConfigurations = (
				31C88A901F33C59F00C08C24 /* Debug */,
				31C88A911F33C59F00C08C24 /* Release */,
			);
			defaultConfigurationIsVisible = 0;
		};
/* End XCConfigurationList section */
	};
	rootObject = 31C88A591F33C59F00C08C24 /* Project object */;
}
